
Microsoft Visual Studio Solution File, Format Version 12.00
# Visual Studio Version 16
VisualStudioVersion = 16.0.30907.101
MinimumVisualStudioVersion = 10.0.40219.1
Project("{FAE04EC0-301F-11D3-BF4B-00C04F79EFBC}") = "Ims", "Ims\Ims.csproj", "{A7043799-D271-464B-B8E1-447FA9766C0E}"
EndProject
Global
	GlobalSection(SolutionConfigurationPlatforms) = preSolution
		Debug|Any CPU = Debug|Any CPU
		Release|Any CPU = Release|Any CPU
	EndGlobalSection
	GlobalSection(ProjectConfigurationPlatforms) = postSolution
		{A7043799-D271-464B-B8E1-447FA9766C0E}.Debug|Any CPU.ActiveCfg = Debug|Any CPU
		{A7043799-D271-464B-B8E1-447FA9766C0E}.Debug|Any CPU.Build.0 = Debug|Any CPU
		{A7043799-D271-464B-B8E1-447FA9766C0E}.Release|Any CPU.ActiveCfg = Release|Any CPU
		{A7043799-D271-464B-B8E1-447FA9766C0E}.Release|Any CPU.Build.0 = Release|Any CPU
	EndGlobalSection
	GlobalSection(SolutionProperties) = preSolution
		HideSolutionNode = FALSE
	EndGlobalSection
	GlobalSection(ExtensibilityGlobals) = postSolution
		SolutionGuid = {2A8133DE-65B4-4677-A79E-23D54DA93812}
	EndGlobalSection
EndGlobal
